// !$*UTF8*$!
{
	archiveVersion = 1;
	classes = {
	};
	objectVersion = 50;
	objects = {

/* Begin PBXBuildFile section */
		1EC525D025D2FFEE0053B7B2 /* TickerData.swift in Sources */ = {isa = PBXBuildFile; fileRef = 1EC525CE25D2FFEE0053B7B2 /* TickerData.swift */; };
		1EC525D125D2FFEE0053B7B2 /* CryptoTrackerExtensions.swift in Sources */ = {isa = PBXBuildFile; fileRef = 1EC525CF25D2FFEE0053B7B2 /* CryptoTrackerExtensions.swift */; };
		1ECB10B525D29CE800C6C979 /* AppDelegate.swift in Sources */ = {isa = PBXBuildFile; fileRef = 1ECB10B425D29CE800C6C979 /* AppDelegate.swift */; };
		1ECB10B725D29CE800C6C979 /* SceneDelegate.swift in Sources */ = {isa = PBXBuildFile; fileRef = 1ECB10B625D29CE800C6C979 /* SceneDelegate.swift */; };
		1ECB10B925D29CE800C6C979 /* TickerTextRefreshView.swift in Sources */ = {isa = PBXBuildFile; fileRef = 1ECB10B825D29CE800C6C979 /* TickerTextRefreshView.swift */; };
		1ECB10BB25D29CE900C6C979 /* Assets.xcassets in Resources */ = {isa = PBXBuildFile; fileRef = 1ECB10BA25D29CE900C6C979 /* Assets.xcassets */; };
		1ECB10BE25D29CE900C6C979 /* Preview Assets.xcassets in Resources */ = {isa = PBXBuildFile; fileRef = 1ECB10BD25D29CE900C6C979 /* Preview Assets.xcassets */; };
		1ECB10C125D29CE900C6C979 /* LaunchScreen.storyboard in Resources */ = {isa = PBXBuildFile; fileRef = 1ECB10BF25D29CE900C6C979 /* LaunchScreen.storyboard */; };
		1ECB10D025D2A00B00C6C979 /* CryptoTrackerDataModel.swift in Sources */ = {isa = PBXBuildFile; fileRef = 1ECB10CF25D2A00B00C6C979 /* CryptoTrackerDataModel.swift */; };
		1ECB10D425D2A33500C6C979 /* TickerDetailView.swift in Sources */ = {isa = PBXBuildFile; fileRef = 1ECB10D325D2A33500C6C979 /* TickerDetailView.swift */; };
		1ECB10D725D2A42A00C6C979 /* CryptoTrackerContentView.swift in Sources */ = {isa = PBXBuildFile; fileRef = 1ECB10D625D2A42A00C6C979 /* CryptoTrackerContentView.swift */; };
/* End PBXBuildFile section */

/* Begin PBXFileReference section */
		1EC525CE25D2FFEE0053B7B2 /* TickerData.swift */ = {isa = PBXFileReference; fileEncoding = 4; lastKnownFileType = sourcecode.swift; path = TickerData.swift; sourceTree = "<group>"; };
		1EC525CF25D2FFEE0053B7B2 /* CryptoTrackerExtensions.swift */ = {isa = PBXFileReference; fileEncoding = 4; lastKnownFileType = sourcecode.swift; path = CryptoTrackerExtensions.swift; sourceTree = "<group>"; };
		1ECB10B125D29CE800C6C979 /* DOGE.app */ = {isa = PBXFileReference; explicitFileType = wrapper.application; includeInIndex = 0; path = DOGE.app; sourceTree = BUILT_PRODUCTS_DIR; };
		1ECB10B425D29CE800C6C979 /* AppDelegate.swift */ = {isa = PBXFileReference; lastKnownFileType = sourcecode.swift; path = AppDelegate.swift; sourceTree = "<group>"; };
		1ECB10B625D29CE800C6C979 /* SceneDelegate.swift */ = {isa = PBXFileReference; lastKnownFileType = sourcecode.swift; path = SceneDelegate.swift; sourceTree = "<group>"; };
		1ECB10B825D29CE800C6C979 /* TickerTextRefreshView.swift */ = {isa = PBXFileReference; lastKnownFileType = sourcecode.swift; path = TickerTextRefreshView.swift; sourceTree = "<group>"; };
		1ECB10BA25D29CE900C6C979 /* Assets.xcassets */ = {isa = PBXFileReference; lastKnownFileType = folder.assetcatalog; path = Assets.xcassets; sourceTree = "<group>"; };
		1ECB10BD25D29CE900C6C979 /* Preview Assets.xcassets */ = {isa = PBXFileReference; lastKnownFileType = folder.assetcatalog; path = "Preview Assets.xcassets"; sourceTree = "<group>"; };
		1ECB10C025D29CE900C6C979 /* Base */ = {isa = PBXFileReference; lastKnownFileType = file.storyboard; name = Base; path = Base.lproj/LaunchScreen.storyboard; sourceTree = "<group>"; };
		1ECB10C225D29CE900C6C979 /* Info.plist */ = {isa = PBXFileReference; lastKnownFileType = text.plist.xml; path = Info.plist; sourceTree = "<group>"; };
		1ECB10CF25D2A00B00C6C979 /* CryptoTrackerDataModel.swift */ = {isa = PBXFileReference; lastKnownFileType = sourcecode.swift; path = CryptoTrackerDataModel.swift; sourceTree = "<group>"; };
		1ECB10D325D2A33500C6C979 /* TickerDetailView.swift */ = {isa = PBXFileReference; lastKnownFileType = sourcecode.swift; path = TickerDetailView.swift; sourceTree = "<group>"; };
		1ECB10D625D2A42A00C6C979 /* CryptoTrackerContentView.swift */ = {isa = PBXFileReference; lastKnownFileType = sourcecode.swift; path = CryptoTrackerContentView.swift; sourceTree = "<group>"; };
/* End PBXFileReference section */

/* Begin PBXFrameworksBuildPhase section */
		1ECB10AE25D29CE800C6C979 /* Frameworks */ = {
			isa = PBXFrameworksBuildPhase;
			buildActionMask = 2147483647;
			files = (
			);
			runOnlyForDeploymentPostprocessing = 0;
		};
/* End PBXFrameworksBuildPhase section */

/* Begin PBXGroup section */
		1ECB10A825D29CE800C6C979 = {
			isa = PBXGroup;
			children = (
				1ECB10B325D29CE800C6C979 /* DOGE */,
				1ECB10B225D29CE800C6C979 /* Products */,
			);
			sourceTree = "<group>";
		};
		1ECB10B225D29CE800C6C979 /* Products */ = {
			isa = PBXGroup;
			children = (
				1ECB10B125D29CE800C6C979 /* DOGE.app */,
			);
			name = Products;
			sourceTree = "<group>";
		};
		1ECB10B325D29CE800C6C979 /* DOGE */ = {
			isa = PBXGroup;
			children = (
				1ECB10B425D29CE800C6C979 /* AppDelegate.swift */,
				1ECB10B625D29CE800C6C979 /* SceneDelegate.swift */,
				1EC525CF25D2FFEE0053B7B2 /* CryptoTrackerExtensions.swift */,
				1EC525CE25D2FFEE0053B7B2 /* TickerData.swift */,
				1ECB10B825D29CE800C6C979 /* TickerTextRefreshView.swift */,
				1ECB10CF25D2A00B00C6C979 /* CryptoTrackerDataModel.swift */,
				1ECB10D325D2A33500C6C979 /* TickerDetailView.swift */,
				1ECB10D625D2A42A00C6C979 /* CryptoTrackerContentView.swift */,
				1ECB10BA25D29CE900C6C979 /* Assets.xcassets */,
				1ECB10BF25D29CE900C6C979 /* LaunchScreen.storyboard */,
				1ECB10C225D29CE900C6C979 /* Info.plist */,
				1ECB10BC25D29CE900C6C979 /* Preview Content */,
			);
			path = DOGE;
			sourceTree = "<group>";
		};
		1ECB10BC25D29CE900C6C979 /* Preview Content */ = {
			isa = PBXGroup;
			children = (
				1ECB10BD25D29CE900C6C979 /* Preview Assets.xcassets */,
			);
			path = "Preview Content";
			sourceTree = "<group>";
		};
/* End PBXGroup section */

/* Begin PBXNativeTarget section */
		1ECB10B025D29CE800C6C979 /* DOGE */ = {
			isa = PBXNativeTarget;
			buildConfigurationList = 1ECB10C525D29CE900C6C979 /* Build configuration list for PBXNativeTarget "DOGE" */;
			buildPhases = (
				1ECB10AD25D29CE800C6C979 /* Sources */,
				1ECB10AE25D29CE800C6C979 /* Frameworks */,
				1ECB10AF25D29CE800C6C979 /* Resources */,
			);
			buildRules = (
			);
			dependencies = (
			);
			name = DOGE;
			productName = DOGE;
			productReference = 1ECB10B125D29CE800C6C979 /* DOGE.app */;
			productType = "com.apple.product-type.application";
		};
/* End PBXNativeTarget section */

/* Begin PBXProject section */
		1ECB10A925D29CE800C6C979 /* Project object */ = {
			isa = PBXProject;
			attributes = {
				LastSwiftUpdateCheck = 1240;
				LastUpgradeCheck = 1240;
				TargetAttributes = {
					1ECB10B025D29CE800C6C979 = {
						CreatedOnToolsVersion = 12.4;
					};
				};
			};
			buildConfigurationList = 1ECB10AC25D29CE800C6C979 /* Build configuration list for PBXProject "DOGE" */;
			compatibilityVersion = "Xcode 9.3";
			developmentRegion = en;
			hasScannedForEncodings = 0;
			knownRegions = (
				en,
				Base,
			);
			mainGroup = 1ECB10A825D29CE800C6C979;
			productRefGroup = 1ECB10B225D29CE800C6C979 /* Products */;
			projectDirPath = "";
			projectRoot = "";
			targets = (
				1ECB10B025D29CE800C6C979 /* DOGE */,
			);
		};
/* End PBXProject section */

/* Begin PBXResourcesBuildPhase section */
		1ECB10AF25D29CE800C6C979 /* Resources */ = {
			isa = PBXResourcesBuildPhase;
			buildActionMask = 2147483647;
			files = (
				1ECB10C125D29CE900C6C979 /* LaunchScreen.storyboard in Resources */,
				1ECB10BE25D29CE900C6C979 /* Preview Assets.xcassets in Resources */,
				1ECB10BB25D29CE900C6C979 /* Assets.xcassets in Resources */,
			);
			runOnlyForDeploymentPostprocessing = 0;
		};
/* End PBXResourcesBuildPhase section */

/* Begin PBXSourcesBuildPhase section */
		1ECB10AD25D29CE800C6C979 /* Sources */ = {
			isa = PBXSourcesBuildPhase;
			buildActionMask = 2147483647;
			files = (
				1ECB10B525D29CE800C6C979 /* AppDelegate.swift in Sources */,
				1ECB10B725D29CE800C6C979 /* SceneDelegate.swift in Sources */,
				1ECB10D025D2A00B00C6C979 /* CryptoTrackerDataModel.swift in Sources */,
				1ECB10D725D2A42A00C6C979 /* CryptoTrackerContentView.swift in Sources */,
				1EC525D025D2FFEE0053B7B2 /* TickerData.swift in Sources */,
				1EC525D125D2FFEE0053B7B2 /* CryptoTrackerExtensions.swift in Sources */,
				1ECB10B925D29CE800C6C979 /* TickerTextRefreshView.swift in Sources */,
				1ECB10D425D2A33500C6C979 /* TickerDetailView.swift in Sources */,
			);
			runOnlyForDeploymentPostprocessing = 0;
		};
/* End PBXSourcesBuildPhase section */

/* Begin PBXVariantGroup section */
		1ECB10BF25D29CE900C6C979 /* LaunchScreen.storyboard */ = {
			isa = PBXVariantGroup;
			children = (
				1ECB10C025D29CE900C6C979 /* Base */,
			);
			name = LaunchScreen.storyboard;
			sourceTree = "<group>";
		};
/* End PBXVariantGroup section */

/* Begin XCBuildConfiguration section */
		1ECB10C325D29CE900C6C979 /* Debug */ = {
			isa = XCBuildConfiguration;
			buildSettings = {
				ALWAYS_SEARCH_USER_PATHS = NO;
				CLANG_ANALYZER_NONNULL = YES;
				CLANG_ANALYZER_NUMBER_OBJECT_CONVERSION = YES_AGGRESSIVE;
				CLANG_CXX_LANGUAGE_STANDARD = "gnu++14";
				CLANG_CXX_LIBRARY = "libc++";
				CLANG_ENABLE_MODULES = YES;
				CLANG_ENABLE_OBJC_ARC = YES;
				CLANG_ENABLE_OBJC_WEAK = YES;
				CLANG_WARN_BLOCK_CAPTURE_AUTORELEASING = YES;
				CLANG_WARN_BOOL_CONVERSION = YES;
				CLANG_WARN_COMMA = YES;
				CLANG_WARN_CONSTANT_CONVERSION = YES;
				CLANG_WARN_DEPRECATED_OBJC_IMPLEMENTATIONS = YES;
				CLANG_WARN_DIRECT_OBJC_ISA_USAGE = YES_ERROR;
				CLANG_WARN_DOCUMENTATION_COMMENTS = YES;
				CLANG_WARN_EMPTY_BODY = YES;
				CLANG_WARN_ENUM_CONVERSION = YES;
				CLANG_WARN_INFINITE_RECURSION = YES;
				CLANG_WARN_INT_CONVERSION = YES;
				CLANG_WARN_NON_LITERAL_NULL_CONVERSION = YES;
				CLANG_WARN_OBJC_IMPLICIT_RETAIN_SELF = YES;
				CLANG_WARN_OBJC_LITERAL_CONVERSION = YES;
				CLANG_WARN_OBJC_ROOT_CLASS = YES_ERROR;
				CLANG_WARN_QUOTED_INCLUDE_IN_FRAMEWORK_HEADER = YES;
				CLANG_WARN_RANGE_LOOP_ANALYSIS = YES;
				CLANG_WARN_STRICT_PROTOTYPES = YES;
				CLANG_WARN_SUSPICIOUS_MOVE = YES;
				CLANG_WARN_UNGUARDED_AVAILABILITY = YES_AGGRESSIVE;
				CLANG_WARN_UNREACHABLE_CODE = YES;
				CLANG_WARN__DUPLICATE_METHOD_MATCH = YES;
				COPY_PHASE_STRIP = NO;
				DEBUG_INFORMATION_FORMAT = dwarf;
				ENABLE_STRICT_OBJC_MSGSEND = YES;
				ENABLE_TESTABILITY = YES;
				GCC_C_LANGUAGE_STANDARD = gnu11;
				GCC_DYNAMIC_NO_PIC = NO;
				GCC_NO_COMMON_BLOCKS = YES;
				GCC_OPTIMIZATION_LEVEL = 0;
				GCC_PREPROCESSOR_DEFINITIONS = (
					"DEBUG=1",
					"$(inherited)",
				);
				GCC_WARN_64_TO_32_BIT_CONVERSION = YES;
				GCC_WARN_ABOUT_RETURN_TYPE = YES_ERROR;
				GCC_WARN_UNDECLARED_SELECTOR = YES;
				GCC_WARN_UNINITIALIZED_AUTOS = YES_AGGRESSIVE;
				GCC_WARN_UNUSED_FUNCTION = YES;
				GCC_WARN_UNUSED_VARIABLE = YES;
				IPHONEOS_DEPLOYMENT_TARGET = 14.4;
				MTL_ENABLE_DEBUG_INFO = INCLUDE_SOURCE;
				MTL_FAST_MATH = YES;
				ONLY_ACTIVE_ARCH = YES;
				SDKROOT = iphoneos;
				SWIFT_ACTIVE_COMPILATION_CONDITIONS = DEBUG;
				SWIFT_OPTIMIZATION_LEVEL = "-Onone";
			};
			name = Debug;
		};
		1ECB10C425D29CE900C6C979 /* Release */ = {
			isa = XCBuildConfiguration;
			buildSettings = {
				ALWAYS_SEARCH_USER_PATHS = NO;
				CLANG_ANALYZER_NONNULL = YES;
				CLANG_ANALYZER_NUMBER_OBJECT_CONVERSION = YES_AGGRESSIVE;
				CLANG_CXX_LANGUAGE_STANDARD = "gnu++14";
				CLANG_CXX_LIBRARY = "libc++";
				CLANG_ENABLE_MODULES = YES;
				CLANG_ENABLE_OBJC_ARC = YES;
				CLANG_ENABLE_OBJC_WEAK = YES;
				CLANG_WARN_BLOCK_CAPTURE_AUTORELEASING = YES;
				CLANG_WARN_BOOL_CONVERSION = YES;
				CLANG_WARN_COMMA = YES;
				CLANG_WARN_CONSTANT_CONVERSION = YES;
				CLANG_WARN_DEPRECATED_OBJC_IMPLEMENTATIONS = YES;
				CLANG_WARN_DIRECT_OBJC_ISA_USAGE = YES_ERROR;
				CLANG_WARN_DOCUMENTATION_COMMENTS = YES;
				CLANG_WARN_EMPTY_BODY = YES;
				CLANG_WARN_ENUM_CONVERSION = YES;
				CLANG_WARN_INFINITE_RECURSION = YES;
				CLANG_WARN_INT_CONVERSION = YES;
				CLANG_WARN_NON_LITERAL_NULL_CONVERSION = YES;
				CLANG_WARN_OBJC_IMPLICIT_RETAIN_SELF = YES;
				CLANG_WARN_OBJC_LITERAL_CONVERSION = YES;
				CLANG_WARN_OBJC_ROOT_CLASS = YES_ERROR;
				CLANG_WARN_QUOTED_INCLUDE_IN_FRAMEWORK_HEADER = YES;
				CLANG_WARN_RANGE_LOOP_ANALYSIS = YES;
				CLANG_WARN_STRICT_PROTOTYPES = YES;
				CLANG_WARN_SUSPICIOUS_MOVE = YES;
				CLANG_WARN_UNGUARDED_AVAILABILITY = YES_AGGRESSIVE;
				CLANG_WARN_UNREACHABLE_CODE = YES;
				CLANG_WARN__DUPLICATE_METHOD_MATCH = YES;
				COPY_PHASE_STRIP = NO;
				DEBUG_INFORMATION_FORMAT = "dwarf-with-dsym";
				ENABLE_NS_ASSERTIONS = NO;
				ENABLE_STRICT_OBJC_MSGSEND = YES;
				GCC_C_LANGUAGE_STANDARD = gnu11;
				GCC_NO_COMMON_BLOCKS = YES;
				GCC_WARN_64_TO_32_BIT_CONVERSION = YES;
				GCC_WARN_ABOUT_RETURN_TYPE = YES_ERROR;
				GCC_WARN_UNDECLARED_SELECTOR = YES;
				GCC_WARN_UNINITIALIZED_AUTOS = YES_AGGRESSIVE;
				GCC_WARN_UNUSED_FUNCTION = YES;
				GCC_WARN_UNUSED_VARIABLE = YES;
				IPHONEOS_DEPLOYMENT_TARGET = 14.4;
				MTL_ENABLE_DEBUG_INFO = NO;
				MTL_FAST_MATH = YES;
				SDKROOT = iphoneos;
				SWIFT_COMPILATION_MODE = wholemodule;
				SWIFT_OPTIMIZATION_LEVEL = "-O";
				VALIDATE_PRODUCT = YES;
			};
			name = Release;
		};
		1ECB10C625D29CE900C6C979 /* Debug */ = {
			isa = XCBuildConfiguration;
			buildSettings = {
				ASSETCATALOG_COMPILER_APPICON_NAME = AppIcon;
				ASSETCATALOG_COMPILER_GLOBAL_ACCENT_COLOR_NAME = AccentColor;
				CODE_SIGN_STYLE = Manual;
				DEVELOPMENT_ASSET_PATHS = "\"DOGE/Preview Content\"";
				DEVELOPMENT_TEAM = "";
				ENABLE_PREVIEWS = YES;
				INFOPLIST_FILE = DOGE/Info.plist;
				LD_RUNPATH_SEARCH_PATHS = (
					"$(inherited)",
					"@executable_path/Frameworks",
				);
				PRODUCT_BUNDLE_IDENTIFIER = com.doge.doge;
				PRODUCT_NAME = "$(TARGET_NAME)";
				PROVISIONING_PROFILE_SPECIFIER = "";
				SWIFT_VERSION = 5.0;
				TARGETED_DEVICE_FAMILY = "1,2";
			};
			name = Debug;
		};
		1ECB10C725D29CE900C6C979 /* Release */ = {
			isa = XCBuildConfiguration;
			buildSettings = {
				ASSETCATALOG_COMPILER_APPICON_NAME = AppIcon;
				ASSETCATALOG_COMPILER_GLOBAL_ACCENT_COLOR_NAME = AccentColor;
				CODE_SIGN_STYLE = Manual;
				DEVELOPMENT_ASSET_PATHS = "\"DOGE/Preview Content\"";
				DEVELOPMENT_TEAM = "";
				ENABLE_PREVIEWS = YES;
				INFOPLIST_FILE = DOGE/Info.plist;
				LD_RUNPATH_SEARCH_PATHS = (
					"$(inherited)",
					"@executable_path/Frameworks",
				);
				PRODUCT_BUNDLE_IDENTIFIER = com.doge.doge;
				PRODUCT_NAME = "$(TARGET_NAME)";
				PROVISIONING_PROFILE_SPECIFIER = "";
				SWIFT_VERSION = 5.0;
				TARGETED_DEVICE_FAMILY = "1,2";
			};
			name = Release;
		};
/* End XCBuildConfiguration section */

/* Begin XCConfigurationList section */
		1ECB10AC25D29CE800C6C979 /* Build configuration list for PBXProject "DOGE" */ = {
			isa = XCConfigurationList;
			buildConfigurations = (
				1ECB10C325D29CE900C6C979 /* Debug */,
				1ECB10C425D29CE900C6C979 /* Release */,
			);
			defaultConfigurationIsVisible = 0;
			defaultConfigurationName = Release;
		};
		1ECB10C525D29CE900C6C979 /* Build configuration list for PBXNativeTarget "DOGE" */ = {
			isa = XCConfigurationList;
			buildConfigurations = (
				1ECB10C625D29CE900C6C979 /* Debug */,
				1ECB10C725D29CE900C6C979 /* Release */,
			);
			defaultConfigurationIsVisible = 0;
			defaultConfigurationName = Release;
		};
/* End XCConfigurationList section */
	};
	rootObject = 1ECB10A925D29CE800C6C979 /* Project object */;
}
